// !$*UTF8*$!
{
	archiveVersion = 1;
	classes = {
	};
	objectVersion = 46;
	objects = {

/* Begin PBXBuildFile section */
		5207F3B61C585AF500C86E8A /* _MGCPhoto.m in Sources */ = {isa = PBXBuildFile; fileRef = 5207F3B51C585AF500C86E8A /* _MGCPhoto.m */; };
		5207F3B91C585B0B00C86E8A /* MGCPhoto.m in Sources */ = {isa = PBXBuildFile; fileRef = 5207F3B81C585B0B00C86E8A /* MGCPhoto.m */; };
		522814A51C59C761009D07F0 /* MGCCoreDataTableViewController.m in Sources */ = {isa = PBXBuildFile; fileRef = 522814A41C59C761009D07F0 /* MGCCoreDataTableViewController.m */; };
		522814A81C5AD9DF009D07F0 /* MGCNotebooksViewController.m in Sources */ = {isa = PBXBuildFile; fileRef = 522814A71C5AD9DF009D07F0 /* MGCNotebooksViewController.m */; };
		522814AC1C5B149E009D07F0 /* UIViewController+Navigation.m in Sources */ = {isa = PBXBuildFile; fileRef = 522814AB1C5B149E009D07F0 /* UIViewController+Navigation.m */; };
		522814AF1C5B1831009D07F0 /* MGCNotebookCellView.xib in Resources */ = {isa = PBXBuildFile; fileRef = 522814AE1C5B1831009D07F0 /* MGCNotebookCellView.xib */; };
		522814B21C5B1A71009D07F0 /* MGCNotebookCellView.m in Sources */ = {isa = PBXBuildFile; fileRef = 522814B11C5B1A71009D07F0 /* MGCNotebookCellView.m */; };
		5268D9D01C582BFB004B6BB2 /* main.m in Sources */ = {isa = PBXBuildFile; fileRef = 5268D9CF1C582BFB004B6BB2 /* main.m */; };
		5268D9D31C582BFB004B6BB2 /* AppDelegate.m in Sources */ = {isa = PBXBuildFile; fileRef = 5268D9D21C582BFB004B6BB2 /* AppDelegate.m */; };
		5268D9DB1C582BFB004B6BB2 /* Assets.xcassets in Resources */ = {isa = PBXBuildFile; fileRef = 5268D9DA1C582BFB004B6BB2 /* Assets.xcassets */; };
		5268D9DE1C582BFB004B6BB2 /* LaunchScreen.storyboard in Resources */ = {isa = PBXBuildFile; fileRef = 5268D9DC1C582BFB004B6BB2 /* LaunchScreen.storyboard */; };
		5268D9E91C582BFC004B6BB2 /* EverpobreAdvancedTests.m in Sources */ = {isa = PBXBuildFile; fileRef = 5268D9E81C582BFC004B6BB2 /* EverpobreAdvancedTests.m */; };
		5268D9F51C582C1F004B6BB2 /* AGTSimpleCoreDataStack.m in Sources */ = {isa = PBXBuildFile; fileRef = 5268D9F41C582C1F004B6BB2 /* AGTSimpleCoreDataStack.m */; };
		5268D9F91C583045004B6BB2 /* Everpobre.xcdatamodeld in Sources */ = {isa = PBXBuildFile; fileRef = 5268D9F71C583045004B6BB2 /* Everpobre.xcdatamodeld */; };
		5268DA141C58516F004B6BB2 /* _MGCNamedEntity.m in Sources */ = {isa = PBXBuildFile; fileRef = 5268DA0F1C58516F004B6BB2 /* _MGCNamedEntity.m */; };
		5268DA151C58516F004B6BB2 /* _MGCNote.m in Sources */ = {isa = PBXBuildFile; fileRef = 5268DA111C58516F004B6BB2 /* _MGCNote.m */; };
		5268DA161C58516F004B6BB2 /* _MGCNotebook.m in Sources */ = {isa = PBXBuildFile; fileRef = 5268DA131C58516F004B6BB2 /* _MGCNotebook.m */; };
		5268DA1D1C585188004B6BB2 /* MGCNamedEntity.m in Sources */ = {isa = PBXBuildFile; fileRef = 5268DA181C585188004B6BB2 /* MGCNamedEntity.m */; };
		5268DA1E1C585188004B6BB2 /* MGCNote.m in Sources */ = {isa = PBXBuildFile; fileRef = 5268DA1A1C585188004B6BB2 /* MGCNote.m */; };
		5268DA1F1C585188004B6BB2 /* MGCNotebook.m in Sources */ = {isa = PBXBuildFile; fileRef = 5268DA1C1C585188004B6BB2 /* MGCNotebook.m */; };
/* End PBXBuildFile section */

/* Begin PBXContainerItemProxy section */
		5268D9E51C582BFC004B6BB2 /* PBXContainerItemProxy */ = {
			isa = PBXContainerItemProxy;
			containerPortal = 5268D9C31C582BFB004B6BB2 /* Project object */;
			proxyType = 1;
			remoteGlobalIDString = 5268D9CA1C582BFB004B6BB2;
			remoteInfo = EverpobreAdvanced;
		};
/* End PBXContainerItemProxy section */

/* Begin PBXFileReference section */
		5207F3B41C585AF500C86E8A /* _MGCPhoto.h */ = {isa = PBXFileReference; fileEncoding = 4; lastKnownFileType = sourcecode.c.h; path = _MGCPhoto.h; sourceTree = "<group>"; };
		5207F3B51C585AF500C86E8A /* _MGCPhoto.m */ = {isa = PBXFileReference; fileEncoding = 4; lastKnownFileType = sourcecode.c.objc; path = _MGCPhoto.m; sourceTree = "<group>"; };
		5207F3B71C585B0B00C86E8A /* MGCPhoto.h */ = {isa = PBXFileReference; fileEncoding = 4; lastKnownFileType = sourcecode.c.h; path = MGCPhoto.h; sourceTree = "<group>"; };
		5207F3B81C585B0B00C86E8A /* MGCPhoto.m */ = {isa = PBXFileReference; fileEncoding = 4; lastKnownFileType = sourcecode.c.objc; path = MGCPhoto.m; sourceTree = "<group>"; };
		5228149F1C59B7AF009D07F0 /* Settings.h */ = {isa = PBXFileReference; fileEncoding = 4; lastKnownFileType = sourcecode.c.h; path = Settings.h; sourceTree = "<group>"; };
		522814A01C59B8C3009D07F0 /* EverpobreAdvanced.pch */ = {isa = PBXFileReference; fileEncoding = 4; lastKnownFileType = sourcecode.c.h; path = EverpobreAdvanced.pch; sourceTree = "<group>"; };
		522814A31C59C761009D07F0 /* MGCCoreDataTableViewController.h */ = {isa = PBXFileReference; fileEncoding = 4; lastKnownFileType = sourcecode.c.h; path = MGCCoreDataTableViewController.h; sourceTree = "<group>"; };
		522814A41C59C761009D07F0 /* MGCCoreDataTableViewController.m */ = {isa = PBXFileReference; fileEncoding = 4; lastKnownFileType = sourcecode.c.objc; path = MGCCoreDataTableViewController.m; sourceTree = "<group>"; };
		522814A61C5AD9DF009D07F0 /* MGCNotebooksViewController.h */ = {isa = PBXFileReference; fileEncoding = 4; lastKnownFileType = sourcecode.c.h; path = MGCNotebooksViewController.h; sourceTree = "<group>"; };
		522814A71C5AD9DF009D07F0 /* MGCNotebooksViewController.m */ = {isa = PBXFileReference; fileEncoding = 4; lastKnownFileType = sourcecode.c.objc; path = MGCNotebooksViewController.m; sourceTree = "<group>"; };
		522814AA1C5B149E009D07F0 /* UIViewController+Navigation.h */ = {isa = PBXFileReference; fileEncoding = 4; lastKnownFileType = sourcecode.c.h; path = "UIViewController+Navigation.h"; sourceTree = "<group>"; };
		522814AB1C5B149E009D07F0 /* UIViewController+Navigation.m */ = {isa = PBXFileReference; fileEncoding = 4; lastKnownFileType = sourcecode.c.objc; path = "UIViewController+Navigation.m"; sourceTree = "<group>"; };
		522814AE1C5B1831009D07F0 /* MGCNotebookCellView.xib */ = {isa = PBXFileReference; fileEncoding = 4; lastKnownFileType = file.xib; path = MGCNotebookCellView.xib; sourceTree = "<group>"; };
		522814B01C5B1A71009D07F0 /* MGCNotebookCellView.h */ = {isa = PBXFileReference; fileEncoding = 4; lastKnownFileType = sourcecode.c.h; path = MGCNotebookCellView.h; sourceTree = "<group>"; };
		522814B11C5B1A71009D07F0 /* MGCNotebookCellView.m */ = {isa = PBXFileReference; fileEncoding = 4; lastKnownFileType = sourcecode.c.objc; path = MGCNotebookCellView.m; sourceTree = "<group>"; };
		5268D9CB1C582BFB004B6BB2 /* EverpobreAdvanced.app */ = {isa = PBXFileReference; explicitFileType = wrapper.application; includeInIndex = 0; path = EverpobreAdvanced.app; sourceTree = BUILT_PRODUCTS_DIR; };
		5268D9CF1C582BFB004B6BB2 /* main.m */ = {isa = PBXFileReference; lastKnownFileType = sourcecode.c.objc; path = main.m; sourceTree = "<group>"; };
		5268D9D11C582BFB004B6BB2 /* AppDelegate.h */ = {isa = PBXFileReference; lastKnownFileType = sourcecode.c.h; path = AppDelegate.h; sourceTree = "<group>"; };
		5268D9D21C582BFB004B6BB2 /* AppDelegate.m */ = {isa = PBXFileReference; lastKnownFileType = sourcecode.c.objc; path = AppDelegate.m; sourceTree = "<group>"; };
		5268D9DA1C582BFB004B6BB2 /* Assets.xcassets */ = {isa = PBXFileReference; lastKnownFileType = folder.assetcatalog; path = Assets.xcassets; sourceTree = "<group>"; };
		5268D9DD1C582BFB004B6BB2 /* Base */ = {isa = PBXFileReference; lastKnownFileType = file.storyboard; name = Base; path = Base.lproj/LaunchScreen.storyboard; sourceTree = "<group>"; };
		5268D9DF1C582BFB004B6BB2 /* Info.plist */ = {isa = PBXFileReference; lastKnownFileType = text.plist.xml; path = Info.plist; sourceTree = "<group>"; };
		5268D9E41C582BFC004B6BB2 /* EverpobreAdvancedTests.xctest */ = {isa = PBXFileReference; explicitFileType = wrapper.cfbundle; includeInIndex = 0; path = EverpobreAdvancedTests.xctest; sourceTree = BUILT_PRODUCTS_DIR; };
		5268D9E81C582BFC004B6BB2 /* EverpobreAdvancedTests.m */ = {isa = PBXFileReference; lastKnownFileType = sourcecode.c.objc; path = EverpobreAdvancedTests.m; sourceTree = "<group>"; };
		5268D9EA1C582BFC004B6BB2 /* Info.plist */ = {isa = PBXFileReference; lastKnownFileType = text.plist.xml; path = Info.plist; sourceTree = "<group>"; };
		5268D9F31C582C1F004B6BB2 /* AGTSimpleCoreDataStack.h */ = {isa = PBXFileReference; fileEncoding = 4; lastKnownFileType = sourcecode.c.h; path = AGTSimpleCoreDataStack.h; sourceTree = "<group>"; };
		5268D9F41C582C1F004B6BB2 /* AGTSimpleCoreDataStack.m */ = {isa = PBXFileReference; fileEncoding = 4; lastKnownFileType = sourcecode.c.objc; path = AGTSimpleCoreDataStack.m; sourceTree = "<group>"; };
		5268D9F81C583045004B6BB2 /* Everpobre.xcdatamodel */ = {isa = PBXFileReference; lastKnownFileType = wrapper.xcdatamodel; path = Everpobre.xcdatamodel; sourceTree = "<group>"; };
		5268DA0E1C58516F004B6BB2 /* _MGCNamedEntity.h */ = {isa = PBXFileReference; fileEncoding = 4; lastKnownFileType = sourcecode.c.h; path = _MGCNamedEntity.h; sourceTree = "<group>"; };
		5268DA0F1C58516F004B6BB2 /* _MGCNamedEntity.m */ = {isa = PBXFileReference; fileEncoding = 4; lastKnownFileType = sourcecode.c.objc; path = _MGCNamedEntity.m; sourceTree = "<group>"; };
		5268DA101C58516F004B6BB2 /* _MGCNote.h */ = {isa = PBXFileReference; fileEncoding = 4; lastKnownFileType = sourcecode.c.h; path = _MGCNote.h; sourceTree = "<group>"; };
		5268DA111C58516F004B6BB2 /* _MGCNote.m */ = {isa = PBXFileReference; fileEncoding = 4; lastKnownFileType = sourcecode.c.objc; path = _MGCNote.m; sourceTree = "<group>"; };
		5268DA121C58516F004B6BB2 /* _MGCNotebook.h */ = {isa = PBXFileReference; fileEncoding = 4; lastKnownFileType = sourcecode.c.h; path = _MGCNotebook.h; sourceTree = "<group>"; };
		5268DA131C58516F004B6BB2 /* _MGCNotebook.m */ = {isa = PBXFileReference; fileEncoding = 4; lastKnownFileType = sourcecode.c.objc; path = _MGCNotebook.m; sourceTree = "<group>"; };
		5268DA171C585188004B6BB2 /* MGCNamedEntity.h */ = {isa = PBXFileReference; fileEncoding = 4; lastKnownFileType = sourcecode.c.h; path = MGCNamedEntity.h; sourceTree = "<group>"; };
		5268DA181C585188004B6BB2 /* MGCNamedEntity.m */ = {isa = PBXFileReference; fileEncoding = 4; lastKnownFileType = sourcecode.c.objc; path = MGCNamedEntity.m; sourceTree = "<group>"; };
		5268DA191C585188004B6BB2 /* MGCNote.h */ = {isa = PBXFileReference; fileEncoding = 4; lastKnownFileType = sourcecode.c.h; path = MGCNote.h; sourceTree = "<group>"; };
		5268DA1A1C585188004B6BB2 /* MGCNote.m */ = {isa = PBXFileReference; fileEncoding = 4; lastKnownFileType = sourcecode.c.objc; path = MGCNote.m; sourceTree = "<group>"; };
		5268DA1B1C585188004B6BB2 /* MGCNotebook.h */ = {isa = PBXFileReference; fileEncoding = 4; lastKnownFileType = sourcecode.c.h; path = MGCNotebook.h; sourceTree = "<group>"; };
		5268DA1C1C585188004B6BB2 /* MGCNotebook.m */ = {isa = PBXFileReference; fileEncoding = 4; lastKnownFileType = sourcecode.c.objc; path = MGCNotebook.m; sourceTree = "<group>"; };
/* End PBXFileReference section */

/* Begin PBXFrameworksBuildPhase section */
		5268D9C81C582BFB004B6BB2 /* Frameworks */ = {
			isa = PBXFrameworksBuildPhase;
			buildActionMask = 2147483647;
			files = (
			);
			runOnlyForDeploymentPostprocessing = 0;
		};
		5268D9E11C582BFC004B6BB2 /* Frameworks */ = {
			isa = PBXFrameworksBuildPhase;
			buildActionMask = 2147483647;
			files = (
			);
			runOnlyForDeploymentPostprocessing = 0;
		};
/* End PBXFrameworksBuildPhase section */

/* Begin PBXGroup section */
		522814A11C59BF12009D07F0 /* Helpers */ = {
			isa = PBXGroup;
			children = (
				5228149F1C59B7AF009D07F0 /* Settings.h */,
			);
			name = Helpers;
			sourceTree = "<group>";
		};
		522814A21C59C72B009D07F0 /* Controllers */ = {
			isa = PBXGroup;
			children = (
				5268D9F31C582C1F004B6BB2 /* AGTSimpleCoreDataStack.h */,
				522814A31C59C761009D07F0 /* MGCCoreDataTableViewController.h */,
				522814A41C59C761009D07F0 /* MGCCoreDataTableViewController.m */,
				522814A61C5AD9DF009D07F0 /* MGCNotebooksViewController.h */,
				522814A71C5AD9DF009D07F0 /* MGCNotebooksViewController.m */,
			);
			name = Controllers;
			sourceTree = "<group>";
		};
		522814A91C5B13EF009D07F0 /* Categories */ = {
			isa = PBXGroup;
			children = (
				522814AA1C5B149E009D07F0 /* UIViewController+Navigation.h */,
				522814AB1C5B149E009D07F0 /* UIViewController+Navigation.m */,
			);
			name = Categories;
			sourceTree = "<group>";
		};
		522814AD1C5B1765009D07F0 /* Views */ = {
			isa = PBXGroup;
			children = (
				522814AE1C5B1831009D07F0 /* MGCNotebookCellView.xib */,
				522814B01C5B1A71009D07F0 /* MGCNotebookCellView.h */,
				522814B11C5B1A71009D07F0 /* MGCNotebookCellView.m */,
			);
			name = Views;
			sourceTree = "<group>";
		};
		5268D9C21C582BFB004B6BB2 = {
			isa = PBXGroup;
			children = (
				5268D9CD1C582BFB004B6BB2 /* EverpobreAdvanced */,
				5268D9E71C582BFC004B6BB2 /* EverpobreAdvancedTests */,
				5268D9CC1C582BFB004B6BB2 /* Products */,
			);
			sourceTree = "<group>";
		};
		5268D9CC1C582BFB004B6BB2 /* Products */ = {
			isa = PBXGroup;
			children = (
				5268D9CB1C582BFB004B6BB2 /* EverpobreAdvanced.app */,
				5268D9E41C582BFC004B6BB2 /* EverpobreAdvancedTests.xctest */,
			);
			name = Products;
			sourceTree = "<group>";
		};
		5268D9CD1C582BFB004B6BB2 /* EverpobreAdvanced */ = {
			isa = PBXGroup;
			children = (
				522814A11C59BF12009D07F0 /* Helpers */,
				522814A91C5B13EF009D07F0 /* Categories */,
				5268D9F61C582C2C004B6BB2 /* Models */,
				522814A21C59C72B009D07F0 /* Controllers */,
				522814AD1C5B1765009D07F0 /* Views */,
				5268D9D11C582BFB004B6BB2 /* AppDelegate.h */,
				5268D9D21C582BFB004B6BB2 /* AppDelegate.m */,
				5268D9DA1C582BFB004B6BB2 /* Assets.xcassets */,
				5268D9DC1C582BFB004B6BB2 /* LaunchScreen.storyboard */,
				5268D9DF1C582BFB004B6BB2 /* Info.plist */,
				5268D9CE1C582BFB004B6BB2 /* Supporting Files */,
				522814A01C59B8C3009D07F0 /* EverpobreAdvanced.pch */,
			);
			path = EverpobreAdvanced;
			sourceTree = "<group>";
		};
		5268D9CE1C582BFB004B6BB2 /* Supporting Files */ = {
			isa = PBXGroup;
			children = (
				5268D9CF1C582BFB004B6BB2 /* main.m */,
			);
			name = "Supporting Files";
			sourceTree = "<group>";
		};
		5268D9E71C582BFC004B6BB2 /* EverpobreAdvancedTests */ = {
			isa = PBXGroup;
			children = (
				5268D9E81C582BFC004B6BB2 /* EverpobreAdvancedTests.m */,
				5268D9EA1C582BFC004B6BB2 /* Info.plist */,
			);
			path = EverpobreAdvancedTests;
			sourceTree = "<group>";
		};
		5268D9F61C582C2C004B6BB2 /* Models */ = {
			isa = PBXGroup;
			children = (
				5268DA0C1C5846C4004B6BB2 /* Machine */,
				5268DA0D1C5846CF004B6BB2 /* Human */,
				5268D9F41C582C1F004B6BB2 /* AGTSimpleCoreDataStack.m */,
				5268D9F71C583045004B6BB2 /* Everpobre.xcdatamodeld */,
			);
			name = Models;
			sourceTree = "<group>";
		};
		5268DA0C1C5846C4004B6BB2 /* Machine */ = {
			isa = PBXGroup;
			children = (
				5207F3B41C585AF500C86E8A /* _MGCPhoto.h */,
				5207F3B51C585AF500C86E8A /* _MGCPhoto.m */,
				5268DA0E1C58516F004B6BB2 /* _MGCNamedEntity.h */,
				5268DA0F1C58516F004B6BB2 /* _MGCNamedEntity.m */,
				5268DA101C58516F004B6BB2 /* _MGCNote.h */,
				5268DA111C58516F004B6BB2 /* _MGCNote.m */,
				5268DA121C58516F004B6BB2 /* _MGCNotebook.h */,
				5268DA131C58516F004B6BB2 /* _MGCNotebook.m */,
			);
			name = Machine;
			sourceTree = "<group>";
		};
		5268DA0D1C5846CF004B6BB2 /* Human */ = {
			isa = PBXGroup;
			children = (
				5207F3B71C585B0B00C86E8A /* MGCPhoto.h */,
				5207F3B81C585B0B00C86E8A /* MGCPhoto.m */,
				5268DA171C585188004B6BB2 /* MGCNamedEntity.h */,
				5268DA181C585188004B6BB2 /* MGCNamedEntity.m */,
				5268DA191C585188004B6BB2 /* MGCNote.h */,
				5268DA1A1C585188004B6BB2 /* MGCNote.m */,
				5268DA1B1C585188004B6BB2 /* MGCNotebook.h */,
				5268DA1C1C585188004B6BB2 /* MGCNotebook.m */,
			);
			name = Human;
			sourceTree = "<group>";
		};
/* End PBXGroup section */

/* Begin PBXNativeTarget section */
		5268D9CA1C582BFB004B6BB2 /* EverpobreAdvanced */ = {
			isa = PBXNativeTarget;
			buildConfigurationList = 5268D9ED1C582BFC004B6BB2 /* Build configuration list for PBXNativeTarget "EverpobreAdvanced" */;
			buildPhases = (
				5268D9C71C582BFB004B6BB2 /* Sources */,
				5268D9C81C582BFB004B6BB2 /* Frameworks */,
				5268D9C91C582BFB004B6BB2 /* Resources */,
			);
			buildRules = (
			);
			dependencies = (
			);
			name = EverpobreAdvanced;
			productName = EverpobreAdvanced;
			productReference = 5268D9CB1C582BFB004B6BB2 /* EverpobreAdvanced.app */;
			productType = "com.apple.product-type.application";
		};
		5268D9E31C582BFC004B6BB2 /* EverpobreAdvancedTests */ = {
			isa = PBXNativeTarget;
			buildConfigurationList = 5268D9F01C582BFC004B6BB2 /* Build configuration list for PBXNativeTarget "EverpobreAdvancedTests" */;
			buildPhases = (
				5268D9E01C582BFC004B6BB2 /* Sources */,
				5268D9E11C582BFC004B6BB2 /* Frameworks */,
				5268D9E21C582BFC004B6BB2 /* Resources */,
			);
			buildRules = (
			);
			dependencies = (
				5268D9E61C582BFC004B6BB2 /* PBXTargetDependency */,
			);
			name = EverpobreAdvancedTests;
			productName = EverpobreAdvancedTests;
			productReference = 5268D9E41C582BFC004B6BB2 /* EverpobreAdvancedTests.xctest */;
			productType = "com.apple.product-type.bundle.unit-test";
		};
/* End PBXNativeTarget section */

/* Begin PBXProject section */
		5268D9C31C582BFB004B6BB2 /* Project object */ = {
			isa = PBXProject;
			attributes = {
				LastUpgradeCheck = 0720;
				ORGANIZATIONNAME = weblogmerlos.com;
				TargetAttributes = {
					5268D9CA1C582BFB004B6BB2 = {
						CreatedOnToolsVersion = 7.2;
						DevelopmentTeam = Z273P8K3M7;
					};
					5268D9E31C582BFC004B6BB2 = {
						CreatedOnToolsVersion = 7.2;
						DevelopmentTeam = Z273P8K3M7;
						TestTargetID = 5268D9CA1C582BFB004B6BB2;
					};
				};
			};
			buildConfigurationList = 5268D9C61C582BFB004B6BB2 /* Build configuration list for PBXProject "EverpobreAdvanced" */;
			compatibilityVersion = "Xcode 3.2";
			developmentRegion = English;
			hasScannedForEncodings = 0;
			knownRegions = (
				en,
				Base,
			);
			mainGroup = 5268D9C21C582BFB004B6BB2;
			productRefGroup = 5268D9CC1C582BFB004B6BB2 /* Products */;
			projectDirPath = "";
			projectRoot = "";
			targets = (
				5268D9CA1C582BFB004B6BB2 /* EverpobreAdvanced */,
				5268D9E31C582BFC004B6BB2 /* EverpobreAdvancedTests */,
			);
		};
/* End PBXProject section */

/* Begin PBXResourcesBuildPhase section */
		5268D9C91C582BFB004B6BB2 /* Resources */ = {
			isa = PBXResourcesBuildPhase;
			buildActionMask = 2147483647;
			files = (
				522814AF1C5B1831009D07F0 /* MGCNotebookCellView.xib in Resources */,
				5268D9DE1C582BFB004B6BB2 /* LaunchScreen.storyboard in Resources */,
				5268D9DB1C582BFB004B6BB2 /* Assets.xcassets in Resources */,
			);
			runOnlyForDeploymentPostprocessing = 0;
		};
		5268D9E21C582BFC004B6BB2 /* Resources */ = {
			isa = PBXResourcesBuildPhase;
			buildActionMask = 2147483647;
			files = (
			);
			runOnlyForDeploymentPostprocessing = 0;
		};
/* End PBXResourcesBuildPhase section */

/* Begin PBXSourcesBuildPhase section */
		5268D9C71C582BFB004B6BB2 /* Sources */ = {
			isa = PBXSourcesBuildPhase;
			buildActionMask = 2147483647;
			files = (
				522814A51C59C761009D07F0 /* MGCCoreDataTableViewController.m in Sources */,
				5268DA1D1C585188004B6BB2 /* MGCNamedEntity.m in Sources */,
				5268DA161C58516F004B6BB2 /* _MGCNotebook.m in Sources */,
				522814B21C5B1A71009D07F0 /* MGCNotebookCellView.m in Sources */,
				5268DA151C58516F004B6BB2 /* _MGCNote.m in Sources */,
				5268D9D31C582BFB004B6BB2 /* AppDelegate.m in Sources */,
				5268DA1F1C585188004B6BB2 /* MGCNotebook.m in Sources */,
				522814AC1C5B149E009D07F0 /* UIViewController+Navigation.m in Sources */,
				5207F3B61C585AF500C86E8A /* _MGCPhoto.m in Sources */,
				5207F3B91C585B0B00C86E8A /* MGCPhoto.m in Sources */,
				5268DA141C58516F004B6BB2 /* _MGCNamedEntity.m in Sources */,
				522814A81C5AD9DF009D07F0 /* MGCNotebooksViewController.m in Sources */,
				5268D9F91C583045004B6BB2 /* Everpobre.xcdatamodeld in Sources */,
				5268DA1E1C585188004B6BB2 /* MGCNote.m in Sources */,
				5268D9F51C582C1F004B6BB2 /* AGTSimpleCoreDataStack.m in Sources */,
				5268D9D01C582BFB004B6BB2 /* main.m in Sources */,
			);
			runOnlyForDeploymentPostprocessing = 0;
		};
		5268D9E01C582BFC004B6BB2 /* Sources */ = {
			isa = PBXSourcesBuildPhase;
			buildActionMask = 2147483647;
			files = (
				5268D9E91C582BFC004B6BB2 /* EverpobreAdvancedTests.m in Sources */,
			);
			runOnlyForDeploymentPostprocessing = 0;
		};
/* End PBXSourcesBuildPhase section */

/* Begin PBXTargetDependency section */
		5268D9E61C582BFC004B6BB2 /* PBXTargetDependency */ = {
			isa = PBXTargetDependency;
			target = 5268D9CA1C582BFB004B6BB2 /* EverpobreAdvanced */;
			targetProxy = 5268D9E51C582BFC004B6BB2 /* PBXContainerItemProxy */;
		};
/* End PBXTargetDependency section */

/* Begin PBXVariantGroup section */
		5268D9DC1C582BFB004B6BB2 /* LaunchScreen.storyboard */ = {
			isa = PBXVariantGroup;
			children = (
				5268D9DD1C582BFB004B6BB2 /* Base */,
			);
			name = LaunchScreen.storyboard;
			sourceTree = "<group>";
		};
/* End PBXVariantGroup section */

/* Begin XCBuildConfiguration section */
		5268D9EB1C582BFC004B6BB2 /* Debug */ = {
			isa = XCBuildConfiguration;
			buildSettings = {
				ALWAYS_SEARCH_USER_PATHS = NO;
				CLANG_CXX_LANGUAGE_STANDARD = "gnu++0x";
				CLANG_CXX_LIBRARY = "libc++";
				CLANG_ENABLE_MODULES = YES;
				CLANG_ENABLE_OBJC_ARC = YES;
				CLANG_WARN_BOOL_CONVERSION = YES;
				CLANG_WARN_CONSTANT_CONVERSION = YES;
				CLANG_WARN_DIRECT_OBJC_ISA_USAGE = YES_ERROR;
				CLANG_WARN_EMPTY_BODY = YES;
				CLANG_WARN_ENUM_CONVERSION = YES;
				CLANG_WARN_INT_CONVERSION = YES;
				CLANG_WARN_OBJC_ROOT_CLASS = YES_ERROR;
				CLANG_WARN_UNREACHABLE_CODE = YES;
				CLANG_WARN__DUPLICATE_METHOD_MATCH = YES;
				"CODE_SIGN_IDENTITY[sdk=iphoneos*]" = "iPhone Developer";
				COPY_PHASE_STRIP = NO;
				DEBUG_INFORMATION_FORMAT = dwarf;
				ENABLE_STRICT_OBJC_MSGSEND = YES;
				ENABLE_TESTABILITY = YES;
				GCC_C_LANGUAGE_STANDARD = gnu99;
				GCC_DYNAMIC_NO_PIC = NO;
				GCC_NO_COMMON_BLOCKS = YES;
				GCC_OPTIMIZATION_LEVEL = 0;
				GCC_PREPROCESSOR_DEFINITIONS = (
					"DEBUG=1",
					"$(inherited)",
				);
				GCC_WARN_64_TO_32_BIT_CONVERSION = YES;
				GCC_WARN_ABOUT_RETURN_TYPE = YES_ERROR;
				GCC_WARN_UNDECLARED_SELECTOR = YES;
				GCC_WARN_UNINITIALIZED_AUTOS = YES_AGGRESSIVE;
				GCC_WARN_UNUSED_FUNCTION = YES;
				GCC_WARN_UNUSED_VARIABLE = YES;
				IPHONEOS_DEPLOYMENT_TARGET = 9.2;
				MTL_ENABLE_DEBUG_INFO = YES;
				ONLY_ACTIVE_ARCH = YES;
				SDKROOT = iphoneos;
			};
			name = Debug;
		};
		5268D9EC1C582BFC004B6BB2 /* Release */ = {
			isa = XCBuildConfiguration;
			buildSettings = {
				ALWAYS_SEARCH_USER_PATHS = NO;
				CLANG_CXX_LANGUAGE_STANDARD = "gnu++0x";
				CLANG_CXX_LIBRARY = "libc++";
				CLANG_ENABLE_MODULES = YES;
				CLANG_ENABLE_OBJC_ARC = YES;
				CLANG_WARN_BOOL_CONVERSION = YES;
				CLANG_WARN_CONSTANT_CONVERSION = YES;
				CLANG_WARN_DIRECT_OBJC_ISA_USAGE = YES_ERROR;
				CLANG_WARN_EMPTY_BODY = YES;
				CLANG_WARN_ENUM_CONVERSION = YES;
				CLANG_WARN_INT_CONVERSION = YES;
				CLANG_WARN_OBJC_ROOT_CLASS = YES_ERROR;
				CLANG_WARN_UNREACHABLE_CODE = YES;
				CLANG_WARN__DUPLICATE_METHOD_MATCH = YES;
				"CODE_SIGN_IDENTITY[sdk=iphoneos*]" = "iPhone Developer";
				COPY_PHASE_STRIP = NO;
				DEBUG_INFORMATION_FORMAT = "dwarf-with-dsym";
				ENABLE_NS_ASSERTIONS = NO;
				ENABLE_STRICT_OBJC_MSGSEND = YES;
				GCC_C_LANGUAGE_STANDARD = gnu99;
				GCC_NO_COMMON_BLOCKS = YES;
				GCC_WARN_64_TO_32_BIT_CONVERSION = YES;
				GCC_WARN_ABOUT_RETURN_TYPE = YES_ERROR;
				GCC_WARN_UNDECLARED_SELECTOR = YES;
				GCC_WARN_UNINITIALIZED_AUTOS = YES_AGGRESSIVE;
				GCC_WARN_UNUSED_FUNCTION = YES;
				GCC_WARN_UNUSED_VARIABLE = YES;
				IPHONEOS_DEPLOYMENT_TARGET = 9.2;
				MTL_ENABLE_DEBUG_INFO = NO;
				SDKROOT = iphoneos;
				VALIDATE_PRODUCT = YES;
			};
			name = Release;
		};
		5268D9EE1C582BFC004B6BB2 /* Debug */ = {
			isa = XCBuildConfiguration;
			buildSettings = {
				ASSETCATALOG_COMPILER_APPICON_NAME = AppIcon;
				INFOPLIST_FILE = EverpobreAdvanced/Info.plist;
				LD_RUNPATH_SEARCH_PATHS = "$(inherited) @executable_path/Frameworks";
				PRODUCT_BUNDLE_IDENTIFIER = com.weblogmerlos.EverpobreAdvanced;
				PRODUCT_NAME = "$(TARGET_NAME)";
			};
			name = Debug;
		};
		5268D9EF1C582BFC004B6BB2 /* Release */ = {
			isa = XCBuildConfiguration;
			buildSettings = {
				ASSETCATALOG_COMPILER_APPICON_NAME = AppIcon;
				INFOPLIST_FILE = EverpobreAdvanced/Info.plist;
				LD_RUNPATH_SEARCH_PATHS = "$(inherited) @executable_path/Frameworks";
				PRODUCT_BUNDLE_IDENTIFIER = com.weblogmerlos.EverpobreAdvanced;
				PRODUCT_NAME = "$(TARGET_NAME)";
			};
			name = Release;
		};
		5268D9F11C582BFC004B6BB2 /* Debug */ = {
			isa = XCBuildConfiguration;
			buildSettings = {
				BUNDLE_LOADER = "$(TEST_HOST)";
				INFOPLIST_FILE = EverpobreAdvancedTests/Info.plist;
				LD_RUNPATH_SEARCH_PATHS = "$(inherited) @executable_path/Frameworks @loader_path/Frameworks";
				PRODUCT_BUNDLE_IDENTIFIER = com.weblogmerlos.EverpobreAdvancedTests;
				PRODUCT_NAME = "$(TARGET_NAME)";
				TEST_HOST = "$(BUILT_PRODUCTS_DIR)/EverpobreAdvanced.app/EverpobreAdvanced";
			};
			name = Debug;
		};
		5268D9F21C582BFC004B6BB2 /* Release */ = {
			isa = XCBuildConfiguration;
			buildSettings = {
				BUNDLE_LOADER = "$(TEST_HOST)";
				INFOPLIST_FILE = EverpobreAdvancedTests/Info.plist;
				LD_RUNPATH_SEARCH_PATHS = "$(inherited) @executable_path/Frameworks @loader_path/Frameworks";
				PRODUCT_BUNDLE_IDENTIFIER = com.weblogmerlos.EverpobreAdvancedTests;
				PRODUCT_NAME = "$(TARGET_NAME)";
				TEST_HOST = "$(BUILT_PRODUCTS_DIR)/EverpobreAdvanced.app/EverpobreAdvanced";
			};
			name = Release;
		};
/* End XCBuildConfiguration section */

/* Begin XCConfigurationList section */
		5268D9C61C582BFB004B6BB2 /* Build configuration list for PBXProject "EverpobreAdvanced" */ = {
			isa = XCConfigurationList;
			buildConfigurations = (
				5268D9EB1C582BFC004B6BB2 /* Debug */,
				5268D9EC1C582BFC004B6BB2 /* Release */,
			);
			defaultConfigurationIsVisible = 0;
			defaultConfigurationName = Release;
		};
		5268D9ED1C582BFC004B6BB2 /* Build configuration list for PBXNativeTarget "EverpobreAdvanced" */ = {
			isa = XCConfigurationList;
			buildConfigurations = (
				5268D9EE1C582BFC004B6BB2 /* Debug */,
				5268D9EF1C582BFC004B6BB2 /* Release */,
			);
			defaultConfigurationIsVisible = 0;
			defaultConfigurationName = Release;
		};
		5268D9F01C582BFC004B6BB2 /* Build configuration list for PBXNativeTarget "EverpobreAdvancedTests" */ = {
			isa = XCConfigurationList;
			buildConfigurations = (
				5268D9F11C582BFC004B6BB2 /* Debug */,
				5268D9F21C582BFC004B6BB2 /* Release */,
			);
			defaultConfigurationIsVisible = 0;
			defaultConfigurationName = Release;
		};
/* End XCConfigurationList section */

/* Begin XCVersionGroup section */
		5268D9F71C583045004B6BB2 /* Everpobre.xcdatamodeld */ = {
			isa = XCVersionGroup;
			children = (
				5268D9F81C583045004B6BB2 /* Everpobre.xcdatamodel */,
			);
			currentVersion = 5268D9F81C583045004B6BB2 /* Everpobre.xcdatamodel */;
			path = Everpobre.xcdatamodeld;
			sourceTree = "<group>";
			versionGroupType = wrapper.xcdatamodel;
		};
/* End XCVersionGroup section */
	};
	rootObject = 5268D9C31C582BFB004B6BB2 /* Project object */;
}
